
Microsoft Visual Studio Solution File, Format Version 12.00
# Visual Studio Version 17
VisualStudioVersion = 17.8.34525.116
MinimumVisualStudioVersion = 10.0.40219.1
Project("{FAE04EC0-301F-11D3-BF4B-00C04F79EFBC}") = "RecipeAppPart1", "RecipeAppPart1\RecipeAppPart1.csproj", "{673B0A05-A0C1-49D5-A2C9-8CBA2D05DD75}"
EndProject
Global
	GlobalSection(SolutionConfigurationPlatforms) = preSolution
		Debug|Any CPU = Debug|Any CPU
		Release|Any CPU = Release|Any CPU
	EndGlobalSection
	GlobalSection(ProjectConfigurationPlatforms) = postSolution
		{673B0A05-A0C1-49D5-A2C9-8CBA2D05DD75}.Debug|Any CPU.ActiveCfg = Debug|Any CPU
		{673B0A05-A0C1-49D5-A2C9-8CBA2D05DD75}.Debug|Any CPU.Build.0 = Debug|Any CPU
		{673B0A05-A0C1-49D5-A2C9-8CBA2D05DD75}.Release|Any CPU.ActiveCfg = Release|Any CPU
		{673B0A05-A0C1-49D5-A2C9-8CBA2D05DD75}.Release|Any CPU.Build.0 = Release|Any CPU
	EndGlobalSection
	GlobalSection(SolutionProperties) = preSolution
		HideSolutionNode = FALSE
	EndGlobalSection
	GlobalSection(ExtensibilityGlobals) = postSolution
		SolutionGuid = {2E10F599-BEC2-4010-98F8-3926AFB20101}
	EndGlobalSection
EndGlobal
